
Microsoft Visual Studio Solution File, Format Version 12.00
# Visual Studio Version 17
VisualStudioVersion = 17.8.34330.188
MinimumVisualStudioVersion = 10.0.40219.1
Project("{FAE04EC0-301F-11D3-BF4B-00C04F79EFBC}") = "Windows 95 KeyGen", "Windows 95 KeyGen\Windows 95 KeyGen.csproj", "{D46FB30B-4294-4181-9003-0692509EE1DD}"
EndProject
Global
	GlobalSection(SolutionConfigurationPlatforms) = preSolution
		Debug|Any CPU = Debug|Any CPU
		Release|Any CPU = Release|Any CPU
	EndGlobalSection
	GlobalSection(ProjectConfigurationPlatforms) = postSolution
		{D46FB30B-4294-4181-9003-0692509EE1DD}.Debug|Any CPU.ActiveCfg = Debug|Any CPU
		{D46FB30B-4294-4181-9003-0692509EE1DD}.Debug|Any CPU.Build.0 = Debug|Any CPU
		{D46FB30B-4294-4181-9003-0692509EE1DD}.Release|Any CPU.ActiveCfg = Release|Any CPU
		{D46FB30B-4294-4181-9003-0692509EE1DD}.Release|Any CPU.Build.0 = Release|Any CPU
	EndGlobalSection
	GlobalSection(SolutionProperties) = preSolution
		HideSolutionNode = FALSE
	EndGlobalSection
	GlobalSection(ExtensibilityGlobals) = postSolution
		SolutionGuid = {02FD5698-4CB5-410F-A961-338D25AE7A6D}
	EndGlobalSection
EndGlobal
